
Microsoft Visual Studio Solution File, Format Version 12.00
# Visual Studio Version 17
VisualStudioVersion = 17.4.33122.133
MinimumVisualStudioVersion = 10.0.40219.1
Project("{FAE04EC0-301F-11D3-BF4B-00C04F79EFBC}") = "CursoCSharp", "CursoCScharp\CursoCSharp.csproj", "{BAAF19B3-BDB5-41AE-9C65-A998494CCA4A}"
EndProject
Global
	GlobalSection(SolutionConfigurationPlatforms) = preSolution
		Debug|Any CPU = Debug|Any CPU
		Release|Any CPU = Release|Any CPU
	EndGlobalSection
	GlobalSection(ProjectConfigurationPlatforms) = postSolution
		{BAAF19B3-BDB5-41AE-9C65-A998494CCA4A}.Debug|Any CPU.ActiveCfg = Debug|Any CPU
		{BAAF19B3-BDB5-41AE-9C65-A998494CCA4A}.Debug|Any CPU.Build.0 = Debug|Any CPU
		{BAAF19B3-BDB5-41AE-9C65-A998494CCA4A}.Release|Any CPU.ActiveCfg = Release|Any CPU
		{BAAF19B3-BDB5-41AE-9C65-A998494CCA4A}.Release|Any CPU.Build.0 = Release|Any CPU
	EndGlobalSection
	GlobalSection(SolutionProperties) = preSolution
		HideSolutionNode = FALSE
	EndGlobalSection
	GlobalSection(ExtensibilityGlobals) = postSolution
		SolutionGuid = {48E37475-353A-4B4F-B9D2-3EE0A424051B}
	EndGlobalSection
EndGlobal
